
Microsoft Visual Studio Solution File, Format Version 12.00
# Visual Studio Version 17
VisualStudioVersion = 17.0.31912.275
MinimumVisualStudioVersion = 10.0.40219.1
Project("{9A19103F-16F7-4668-BE54-9A1E7A4F7556}") = "Producer", "RabbitMQ\Producer.csproj", "{ADA9B248-2E7B-42EE-B228-EDCCC19BCEFC}"
EndProject
Project("{9A19103F-16F7-4668-BE54-9A1E7A4F7556}") = "Consumer", "Consumer\Consumer.csproj", "{90B4A5F7-518D-4FD6-95DA-0481B1ADF2DB}"
	ProjectSection(ProjectDependencies) = postProject
		{B59943E9-6B44-4F85-92D1-6564E43DEF84} = {B59943E9-6B44-4F85-92D1-6564E43DEF84}
	EndProjectSection
EndProject
Project("{9A19103F-16F7-4668-BE54-9A1E7A4F7556}") = "Model", "Models\Model.csproj", "{B59943E9-6B44-4F85-92D1-6564E43DEF84}"
EndProject
Global
	GlobalSection(SolutionConfigurationPlatforms) = preSolution
		Debug|Any CPU = Debug|Any CPU
		Release|Any CPU = Release|Any CPU
	EndGlobalSection
	GlobalSection(ProjectConfigurationPlatforms) = postSolution
		{ADA9B248-2E7B-42EE-B228-EDCCC19BCEFC}.Debug|Any CPU.ActiveCfg = Debug|Any CPU
		{ADA9B248-2E7B-42EE-B228-EDCCC19BCEFC}.Debug|Any CPU.Build.0 = Debug|Any CPU
		{ADA9B248-2E7B-42EE-B228-EDCCC19BCEFC}.Release|Any CPU.ActiveCfg = Release|Any CPU
		{ADA9B248-2E7B-42EE-B228-EDCCC19BCEFC}.Release|Any CPU.Build.0 = Release|Any CPU
		{90B4A5F7-518D-4FD6-95DA-0481B1ADF2DB}.Debug|Any CPU.ActiveCfg = Debug|Any CPU
		{90B4A5F7-518D-4FD6-95DA-0481B1ADF2DB}.Debug|Any CPU.Build.0 = Debug|Any CPU
		{90B4A5F7-518D-4FD6-95DA-0481B1ADF2DB}.Release|Any CPU.ActiveCfg = Release|Any CPU
		{90B4A5F7-518D-4FD6-95DA-0481B1ADF2DB}.Release|Any CPU.Build.0 = Release|Any CPU
		{B59943E9-6B44-4F85-92D1-6564E43DEF84}.Debug|Any CPU.ActiveCfg = Debug|Any CPU
		{B59943E9-6B44-4F85-92D1-6564E43DEF84}.Debug|Any CPU.Build.0 = Debug|Any CPU
		{B59943E9-6B44-4F85-92D1-6564E43DEF84}.Release|Any CPU.ActiveCfg = Release|Any CPU
		{B59943E9-6B44-4F85-92D1-6564E43DEF84}.Release|Any CPU.Build.0 = Release|Any CPU
	EndGlobalSection
	GlobalSection(SolutionProperties) = preSolution
		HideSolutionNode = FALSE
	EndGlobalSection
	GlobalSection(ExtensibilityGlobals) = postSolution
		SolutionGuid = {81EC3A78-E32F-4F5B-894D-A53EB24E24A7}
	EndGlobalSection
EndGlobal
