
Microsoft Visual Studio Solution File, Format Version 12.00
# Visual Studio Version 17
VisualStudioVersion = 17.0.31912.275
MinimumVisualStudioVersion = 10.0.40219.1
Project("{FAE04EC0-301F-11D3-BF4B-00C04F79EFBC}") = "RabbitMQ", "RabbitMQ\RabbitMQ.csproj", "{ADA9B248-2E7B-42EE-B228-EDCCC19BCEFC}"
EndProject
Global
	GlobalSection(SolutionConfigurationPlatforms) = preSolution
		Debug|Any CPU = Debug|Any CPU
		Release|Any CPU = Release|Any CPU
	EndGlobalSection
	GlobalSection(ProjectConfigurationPlatforms) = postSolution
		{ADA9B248-2E7B-42EE-B228-EDCCC19BCEFC}.Debug|Any CPU.ActiveCfg = Debug|Any CPU
		{ADA9B248-2E7B-42EE-B228-EDCCC19BCEFC}.Debug|Any CPU.Build.0 = Debug|Any CPU
		{ADA9B248-2E7B-42EE-B228-EDCCC19BCEFC}.Release|Any CPU.ActiveCfg = Release|Any CPU
		{ADA9B248-2E7B-42EE-B228-EDCCC19BCEFC}.Release|Any CPU.Build.0 = Release|Any CPU
	EndGlobalSection
	GlobalSection(SolutionProperties) = preSolution
		HideSolutionNode = FALSE
	EndGlobalSection
	GlobalSection(ExtensibilityGlobals) = postSolution
		SolutionGuid = {81EC3A78-E32F-4F5B-894D-A53EB24E24A7}
	EndGlobalSection
EndGlobal
